
Microsoft Visual Studio Solution File, Format Version 12.00
# Visual Studio Version 16
VisualStudioVersion = 16.0.31424.327
MinimumVisualStudioVersion = 10.0.40219.1
Project("{FAE04EC0-301F-11D3-BF4B-00C04F79EFBC}") = "Lab13_1", "Lab13_1\Lab13_1.csproj", "{99473469-05FE-4ABA-BAB6-B3041B2935A9}"
EndProject
Project("{2150E333-8FDC-42A3-9474-1A3956D46DE8}") = "Solution Items", "Solution Items", "{AB520E91-1721-4100-B405-F86A68C4DD95}"
	ProjectSection(SolutionItems) = preProject
		.gitignore = .gitignore
	EndProjectSection
EndProject
Global
	GlobalSection(SolutionConfigurationPlatforms) = preSolution
		Debug|Any CPU = Debug|Any CPU
		Release|Any CPU = Release|Any CPU
	EndGlobalSection
	GlobalSection(ProjectConfigurationPlatforms) = postSolution
		{99473469-05FE-4ABA-BAB6-B3041B2935A9}.Debug|Any CPU.ActiveCfg = Debug|Any CPU
		{99473469-05FE-4ABA-BAB6-B3041B2935A9}.Debug|Any CPU.Build.0 = Debug|Any CPU
		{99473469-05FE-4ABA-BAB6-B3041B2935A9}.Release|Any CPU.ActiveCfg = Release|Any CPU
		{99473469-05FE-4ABA-BAB6-B3041B2935A9}.Release|Any CPU.Build.0 = Release|Any CPU
	EndGlobalSection
	GlobalSection(SolutionProperties) = preSolution
		HideSolutionNode = FALSE
	EndGlobalSection
	GlobalSection(ExtensibilityGlobals) = postSolution
		SolutionGuid = {5E7C0E50-A722-4985-88CE-91341CBAE261}
	EndGlobalSection
EndGlobal
